// !$*UTF8*$!
{
	archiveVersion = 1;
	classes = {
	};
	objectVersion = 46;
	objects = {

/* Begin PBXBuildFile section */
		352CAC641B38A1A700DF3C4D /* AppDelegate.swift in Sources */ = {isa = PBXBuildFile; fileRef = 352CAC631B38A1A700DF3C4D /* AppDelegate.swift */; };
		352CAC661B38A1A700DF3C4D /* ViewController.swift in Sources */ = {isa = PBXBuildFile; fileRef = 352CAC651B38A1A700DF3C4D /* ViewController.swift */; };
		352CAC691B38A1A700DF3C4D /* Main.storyboard in Resources */ = {isa = PBXBuildFile; fileRef = 352CAC671B38A1A700DF3C4D /* Main.storyboard */; };
		352CAC6B1B38A1A700DF3C4D /* Images.xcassets in Resources */ = {isa = PBXBuildFile; fileRef = 352CAC6A1B38A1A700DF3C4D /* Images.xcassets */; };
		352CAC6E1B38A1A700DF3C4D /* LaunchScreen.xib in Resources */ = {isa = PBXBuildFile; fileRef = 352CAC6C1B38A1A700DF3C4D /* LaunchScreen.xib */; };
		352CAC7A1B38A1A700DF3C4D /* Color_Maker_SliderTests.swift in Sources */ = {isa = PBXBuildFile; fileRef = 352CAC791B38A1A700DF3C4D /* Color_Maker_SliderTests.swift */; };
/* End PBXBuildFile section */

/* Begin PBXContainerItemProxy section */
		352CAC741B38A1A700DF3C4D /* PBXContainerItemProxy */ = {
			isa = PBXContainerItemProxy;
			containerPortal = 352CAC561B38A1A700DF3C4D /* Project object */;
			proxyType = 1;
			remoteGlobalIDString = 352CAC5D1B38A1A700DF3C4D;
			remoteInfo = "Color Maker Slider";
		};
/* End PBXContainerItemProxy section */

/* Begin PBXFileReference section */
		352CAC5E1B38A1A700DF3C4D /* Color Maker Slider.app */ = {isa = PBXFileReference; explicitFileType = wrapper.application; includeInIndex = 0; path = "Color Maker Slider.app"; sourceTree = BUILT_PRODUCTS_DIR; };
		352CAC621B38A1A700DF3C4D /* Info.plist */ = {isa = PBXFileReference; lastKnownFileType = text.plist.xml; path = Info.plist; sourceTree = "<group>"; };
		352CAC631B38A1A700DF3C4D /* AppDelegate.swift */ = {isa = PBXFileReference; lastKnownFileType = sourcecode.swift; path = AppDelegate.swift; sourceTree = "<group>"; };
		352CAC651B38A1A700DF3C4D /* ViewController.swift */ = {isa = PBXFileReference; lastKnownFileType = sourcecode.swift; path = ViewController.swift; sourceTree = "<group>"; };
		352CAC681B38A1A700DF3C4D /* Base */ = {isa = PBXFileReference; lastKnownFileType = file.storyboard; name = Base; path = Base.lproj/Main.storyboard; sourceTree = "<group>"; };
		352CAC6A1B38A1A700DF3C4D /* Images.xcassets */ = {isa = PBXFileReference; lastKnownFileType = folder.assetcatalog; path = Images.xcassets; sourceTree = "<group>"; };
		352CAC6D1B38A1A700DF3C4D /* Base */ = {isa = PBXFileReference; lastKnownFileType = file.xib; name = Base; path = Base.lproj/LaunchScreen.xib; sourceTree = "<group>"; };
		352CAC731B38A1A700DF3C4D /* Color Maker SliderTests.xctest */ = {isa = PBXFileReference; explicitFileType = wrapper.cfbundle; includeInIndex = 0; path = "Color Maker SliderTests.xctest"; sourceTree = BUILT_PRODUCTS_DIR; };
		352CAC781B38A1A700DF3C4D /* Info.plist */ = {isa = PBXFileReference; lastKnownFileType = text.plist.xml; path = Info.plist; sourceTree = "<group>"; };
		352CAC791B38A1A700DF3C4D /* Color_Maker_SliderTests.swift */ = {isa = PBXFileReference; lastKnownFileType = sourcecode.swift; path = Color_Maker_SliderTests.swift; sourceTree = "<group>"; };
/* End PBXFileReference section */

/* Begin PBXFrameworksBuildPhase section */
		352CAC5B1B38A1A700DF3C4D /* Frameworks */ = {
			isa = PBXFrameworksBuildPhase;
			buildActionMask = 2147483647;
			files = (
			);
			runOnlyForDeploymentPostprocessing = 0;
		};
		352CAC701B38A1A700DF3C4D /* Frameworks */ = {
			isa = PBXFrameworksBuildPhase;
			buildActionMask = 2147483647;
			files = (
			);
			runOnlyForDeploymentPostprocessing = 0;
		};
/* End PBXFrameworksBuildPhase section */

/* Begin PBXGroup section */
		352CAC551B38A1A700DF3C4D = {
			isa = PBXGroup;
			children = (
				352CAC601B38A1A700DF3C4D /* Color Maker Slider */,
				352CAC761B38A1A700DF3C4D /* Color Maker SliderTests */,
				352CAC5F1B38A1A700DF3C4D /* Products */,
			);
			sourceTree = "<group>";
		};
		352CAC5F1B38A1A700DF3C4D /* Products */ = {
			isa = PBXGroup;
			children = (
				352CAC5E1B38A1A700DF3C4D /* Color Maker Slider.app */,
				352CAC731B38A1A700DF3C4D /* Color Maker SliderTests.xctest */,
			);
			name = Products;
			sourceTree = "<group>";
		};
		352CAC601B38A1A700DF3C4D /* Color Maker Slider */ = {
			isa = PBXGroup;
			children = (
				352CAC631B38A1A700DF3C4D /* AppDelegate.swift */,
				352CAC651B38A1A700DF3C4D /* ViewController.swift */,
				352CAC671B38A1A700DF3C4D /* Main.storyboard */,
				352CAC6A1B38A1A700DF3C4D /* Images.xcassets */,
				352CAC6C1B38A1A700DF3C4D /* LaunchScreen.xib */,
				352CAC611B38A1A700DF3C4D /* Supporting Files */,
			);
			path = "Color Maker Slider";
			sourceTree = "<group>";
		};
		352CAC611B38A1A700DF3C4D /* Supporting Files */ = {
			isa = PBXGroup;
			children = (
				352CAC621B38A1A700DF3C4D /* Info.plist */,
			);
			name = "Supporting Files";
			sourceTree = "<group>";
		};
		352CAC761B38A1A700DF3C4D /* Color Maker SliderTests */ = {
			isa = PBXGroup;
			children = (
				352CAC791B38A1A700DF3C4D /* Color_Maker_SliderTests.swift */,
				352CAC771B38A1A700DF3C4D /* Supporting Files */,
			);
			path = "Color Maker SliderTests";
			sourceTree = "<group>";
		};
		352CAC771B38A1A700DF3C4D /* Supporting Files */ = {
			isa = PBXGroup;
			children = (
				352CAC781B38A1A700DF3C4D /* Info.plist */,
			);
			name = "Supporting Files";
			sourceTree = "<group>";
		};
/* End PBXGroup section */

/* Begin PBXNativeTarget section */
		352CAC5D1B38A1A700DF3C4D /* Color Maker Slider */ = {
			isa = PBXNativeTarget;
			buildConfigurationList = 352CAC7D1B38A1A700DF3C4D /* Build configuration list for PBXNativeTarget "Color Maker Slider" */;
			buildPhases = (
				352CAC5A1B38A1A700DF3C4D /* Sources */,
				352CAC5B1B38A1A700DF3C4D /* Frameworks */,
				352CAC5C1B38A1A700DF3C4D /* Resources */,
			);
			buildRules = (
			);
			dependencies = (
			);
			name = "Color Maker Slider";
			productName = "Color Maker Slider";
			productReference = 352CAC5E1B38A1A700DF3C4D /* Color Maker Slider.app */;
			productType = "com.apple.product-type.application";
		};
		352CAC721B38A1A700DF3C4D /* Color Maker SliderTests */ = {
			isa = PBXNativeTarget;
			buildConfigurationList = 352CAC801B38A1A700DF3C4D /* Build configuration list for PBXNativeTarget "Color Maker SliderTests" */;
			buildPhases = (
				352CAC6F1B38A1A700DF3C4D /* Sources */,
				352CAC701B38A1A700DF3C4D /* Frameworks */,
				352CAC711B38A1A700DF3C4D /* Resources */,
			);
			buildRules = (
			);
			dependencies = (
				352CAC751B38A1A700DF3C4D /* PBXTargetDependency */,
			);
			name = "Color Maker SliderTests";
			productName = "Color Maker SliderTests";
			productReference = 352CAC731B38A1A700DF3C4D /* Color Maker SliderTests.xctest */;
			productType = "com.apple.product-type.bundle.unit-test";
		};
/* End PBXNativeTarget section */

/* Begin PBXProject section */
		352CAC561B38A1A700DF3C4D /* Project object */ = {
			isa = PBXProject;
			attributes = {
				LastUpgradeCheck = 0630;
				ORGANIZATIONNAME = "Agranee Solutions Ltd";
				TargetAttributes = {
					352CAC5D1B38A1A700DF3C4D = {
						CreatedOnToolsVersion = 6.3.2;
						DevelopmentTeam = 8N7JZB8ETJ;
					};
					352CAC721B38A1A700DF3C4D = {
						CreatedOnToolsVersion = 6.3.2;
						TestTargetID = 352CAC5D1B38A1A700DF3C4D;
					};
				};
			};
			buildConfigurationList = 352CAC591B38A1A700DF3C4D /* Build configuration list for PBXProject "Color Maker Slider" */;
			compatibilityVersion = "Xcode 3.2";
			developmentRegion = English;
			hasScannedForEncodings = 0;
			knownRegions = (
				en,
				Base,
			);
			mainGroup = 352CAC551B38A1A700DF3C4D;
			productRefGroup = 352CAC5F1B38A1A700DF3C4D /* Products */;
			projectDirPath = "";
			projectRoot = "";
			targets = (
				352CAC5D1B38A1A700DF3C4D /* Color Maker Slider */,
				352CAC721B38A1A700DF3C4D /* Color Maker SliderTests */,
			);
		};
/* End PBXProject section */

/* Begin PBXResourcesBuildPhase section */
		352CAC5C1B38A1A700DF3C4D /* Resources */ = {
			isa = PBXResourcesBuildPhase;
			buildActionMask = 2147483647;
			files = (
				352CAC691B38A1A700DF3C4D /* Main.storyboard in Resources */,
				352CAC6E1B38A1A700DF3C4D /* LaunchScreen.xib in Resources */,
				352CAC6B1B38A1A700DF3C4D /* Images.xcassets in Resources */,
			);
			runOnlyForDeploymentPostprocessing = 0;
		};
		352CAC711B38A1A700DF3C4D /* Resources */ = {
			isa = PBXResourcesBuildPhase;
			buildActionMask = 2147483647;
			files = (
			);
			runOnlyForDeploymentPostprocessing = 0;
		};
/* End PBXResourcesBuildPhase section */

/* Begin PBXSourcesBuildPhase section */
		352CAC5A1B38A1A700DF3C4D /* Sources */ = {
			isa = PBXSourcesBuildPhase;
			buildActionMask = 2147483647;
			files = (
				352CAC661B38A1A700DF3C4D /* ViewController.swift in Sources */,
				352CAC641B38A1A700DF3C4D /* AppDelegate.swift in Sources */,
			);
			runOnlyForDeploymentPostprocessing = 0;
		};
		352CAC6F1B38A1A700DF3C4D /* Sources */ = {
			isa = PBXSourcesBuildPhase;
			buildActionMask = 2147483647;
			files = (
				352CAC7A1B38A1A700DF3C4D /* Color_Maker_SliderTests.swift in Sources */,
			);
			runOnlyForDeploymentPostprocessing = 0;
		};
/* End PBXSourcesBuildPhase section */

/* Begin PBXTargetDependency section */
		352CAC751B38A1A700DF3C4D /* PBXTargetDependency */ = {
			isa = PBXTargetDependency;
			target = 352CAC5D1B38A1A700DF3C4D /* Color Maker Slider */;
			targetProxy = 352CAC741B38A1A700DF3C4D /* PBXContainerItemProxy */;
		};
/* End PBXTargetDependency section */

/* Begin PBXVariantGroup section */
		352CAC671B38A1A700DF3C4D /* Main.storyboard */ = {
			isa = PBXVariantGroup;
			children = (
				352CAC681B38A1A700DF3C4D /* Base */,
			);
			name = Main.storyboard;
			sourceTree = "<group>";
		};
		352CAC6C1B38A1A700DF3C4D /* LaunchScreen.xib */ = {
			isa = PBXVariantGroup;
			children = (
				352CAC6D1B38A1A700DF3C4D /* Base */,
			);
			name = LaunchScreen.xib;
			sourceTree = "<group>";
		};
/* End PBXVariantGroup section */

/* Begin XCBuildConfiguration section */
		352CAC7B1B38A1A700DF3C4D /* Debug */ = {
			isa = XCBuildConfiguration;
			buildSettings = {
				ALWAYS_SEARCH_USER_PATHS = NO;
				CLANG_CXX_LANGUAGE_STANDARD = "gnu++0x";
				CLANG_CXX_LIBRARY = "libc++";
				CLANG_ENABLE_MODULES = YES;
				CLANG_ENABLE_OBJC_ARC = YES;
				CLANG_WARN_BOOL_CONVERSION = YES;
				CLANG_WARN_CONSTANT_CONVERSION = YES;
				CLANG_WARN_DIRECT_OBJC_ISA_USAGE = YES_ERROR;
				CLANG_WARN_EMPTY_BODY = YES;
				CLANG_WARN_ENUM_CONVERSION = YES;
				CLANG_WARN_INT_CONVERSION = YES;
				CLANG_WARN_OBJC_ROOT_CLASS = YES_ERROR;
				CLANG_WARN_UNREACHABLE_CODE = YES;
				CLANG_WARN__DUPLICATE_METHOD_MATCH = YES;
				"CODE_SIGN_IDENTITY[sdk=iphoneos*]" = "iPhone Developer";
				COPY_PHASE_STRIP = NO;
				DEBUG_INFORMATION_FORMAT = "dwarf-with-dsym";
				ENABLE_STRICT_OBJC_MSGSEND = YES;
				GCC_C_LANGUAGE_STANDARD = gnu99;
				GCC_DYNAMIC_NO_PIC = NO;
				GCC_NO_COMMON_BLOCKS = YES;
				GCC_OPTIMIZATION_LEVEL = 0;
				GCC_PREPROCESSOR_DEFINITIONS = (
					"DEBUG=1",
					"$(inherited)",
				);
				GCC_SYMBOLS_PRIVATE_EXTERN = NO;
				GCC_WARN_64_TO_32_BIT_CONVERSION = YES;
				GCC_WARN_ABOUT_RETURN_TYPE = YES_ERROR;
				GCC_WARN_UNDECLARED_SELECTOR = YES;
				GCC_WARN_UNINITIALIZED_AUTOS = YES_AGGRESSIVE;
				GCC_WARN_UNUSED_FUNCTION = YES;
				GCC_WARN_UNUSED_VARIABLE = YES;
				IPHONEOS_DEPLOYMENT_TARGET = 8.3;
				MTL_ENABLE_DEBUG_INFO = YES;
				ONLY_ACTIVE_ARCH = YES;
				SDKROOT = iphoneos;
				SWIFT_OPTIMIZATION_LEVEL = "-Onone";
			};
			name = Debug;
		};
		352CAC7C1B38A1A700DF3C4D /* Release */ = {
			isa = XCBuildConfiguration;
			buildSettings = {
				ALWAYS_SEARCH_USER_PATHS = NO;
				CLANG_CXX_LANGUAGE_STANDARD = "gnu++0x";
				CLANG_CXX_LIBRARY = "libc++";
				CLANG_ENABLE_MODULES = YES;
				CLANG_ENABLE_OBJC_ARC = YES;
				CLANG_WARN_BOOL_CONVERSION = YES;
				CLANG_WARN_CONSTANT_CONVERSION = YES;
				CLANG_WARN_DIRECT_OBJC_ISA_USAGE = YES_ERROR;
				CLANG_WARN_EMPTY_BODY = YES;
				CLANG_WARN_ENUM_CONVERSION = YES;
				CLANG_WARN_INT_CONVERSION = YES;
				CLANG_WARN_OBJC_ROOT_CLASS = YES_ERROR;
				CLANG_WARN_UNREACHABLE_CODE = YES;
				CLANG_WARN__DUPLICATE_METHOD_MATCH = YES;
				"CODE_SIGN_IDENTITY[sdk=iphoneos*]" = "iPhone Developer";
				COPY_PHASE_STRIP = NO;
				DEBUG_INFORMATION_FORMAT = "dwarf-with-dsym";
				ENABLE_NS_ASSERTIONS = NO;
				ENABLE_STRICT_OBJC_MSGSEND = YES;
				GCC_C_LANGUAGE_STANDARD = gnu99;
				GCC_NO_COMMON_BLOCKS = YES;
				GCC_WARN_64_TO_32_BIT_CONVERSION = YES;
				GCC_WARN_ABOUT_RETURN_TYPE = YES_ERROR;
				GCC_WARN_UNDECLARED_SELECTOR = YES;
				GCC_WARN_UNINITIALIZED_AUTOS = YES_AGGRESSIVE;
				GCC_WARN_UNUSED_FUNCTION = YES;
				GCC_WARN_UNUSED_VARIABLE = YES;
				IPHONEOS_DEPLOYMENT_TARGET = 8.3;
				MTL_ENABLE_DEBUG_INFO = NO;
				SDKROOT = iphoneos;
				VALIDATE_PRODUCT = YES;
			};
			name = Release;
		};
		352CAC7E1B38A1A700DF3C4D /* Debug */ = {
			isa = XCBuildConfiguration;
			buildSettings = {
				ASSETCATALOG_COMPILER_APPICON_NAME = AppIcon;
				CODE_SIGN_IDENTITY = "iPhone Developer";
				INFOPLIST_FILE = "Color Maker Slider/Info.plist";
				LD_RUNPATH_SEARCH_PATHS = "$(inherited) @executable_path/Frameworks";
				PRODUCT_NAME = "$(TARGET_NAME)";
			};
			name = Debug;
		};
		352CAC7F1B38A1A700DF3C4D /* Release */ = {
			isa = XCBuildConfiguration;
			buildSettings = {
				ASSETCATALOG_COMPILER_APPICON_NAME = AppIcon;
				CODE_SIGN_IDENTITY = "iPhone Developer";
				INFOPLIST_FILE = "Color Maker Slider/Info.plist";
				LD_RUNPATH_SEARCH_PATHS = "$(inherited) @executable_path/Frameworks";
				PRODUCT_NAME = "$(TARGET_NAME)";
			};
			name = Release;
		};
		352CAC811B38A1A700DF3C4D /* Debug */ = {
			isa = XCBuildConfiguration;
			buildSettings = {
				BUNDLE_LOADER = "$(TEST_HOST)";
				FRAMEWORK_SEARCH_PATHS = (
					"$(SDKROOT)/Developer/Library/Frameworks",
					"$(inherited)",
				);
				GCC_PREPROCESSOR_DEFINITIONS = (
					"DEBUG=1",
					"$(inherited)",
				);
				INFOPLIST_FILE = "Color Maker SliderTests/Info.plist";
				LD_RUNPATH_SEARCH_PATHS = "$(inherited) @executable_path/Frameworks @loader_path/Frameworks";
				PRODUCT_NAME = "$(TARGET_NAME)";
				TEST_HOST = "$(BUILT_PRODUCTS_DIR)/Color Maker Slider.app/Color Maker Slider";
			};
			name = Debug;
		};
		352CAC821B38A1A700DF3C4D /* Release */ = {
			isa = XCBuildConfiguration;
			buildSettings = {
				BUNDLE_LOADER = "$(TEST_HOST)";
				FRAMEWORK_SEARCH_PATHS = (
					"$(SDKROOT)/Developer/Library/Frameworks",
					"$(inherited)",
				);
				INFOPLIST_FILE = "Color Maker SliderTests/Info.plist";
				LD_RUNPATH_SEARCH_PATHS = "$(inherited) @executable_path/Frameworks @loader_path/Frameworks";
				PRODUCT_NAME = "$(TARGET_NAME)";
				TEST_HOST = "$(BUILT_PRODUCTS_DIR)/Color Maker Slider.app/Color Maker Slider";
			};
			name = Release;
		};
/* End XCBuildConfiguration section */

/* Begin XCConfigurationList section */
		352CAC591B38A1A700DF3C4D /* Build configuration list for PBXProject "Color Maker Slider" */ = {
			isa = XCConfigurationList;
			buildConfigurations = (
				352CAC7B1B38A1A700DF3C4D /* Debug */,
				352CAC7C1B38A1A700DF3C4D /* Release */,
			);
			defaultConfigurationIsVisible = 0;
			defaultConfigurationName = Release;
		};
		352CAC7D1B38A1A700DF3C4D /* Build configuration list for PBXNativeTarget "Color Maker Slider" */ = {
			isa = XCConfigurationList;
			buildConfigurations = (
				352CAC7E1B38A1A700DF3C4D /* Debug */,
				352CAC7F1B38A1A700DF3C4D /* Release */,
			);
			defaultConfigurationIsVisible = 0;
		};
		352CAC801B38A1A700DF3C4D /* Build configuration list for PBXNativeTarget "Color Maker SliderTests" */ = {
			isa = XCConfigurationList;
			buildConfigurations = (
				352CAC811B38A1A700DF3C4D /* Debug */,
				352CAC821B38A1A700DF3C4D /* Release */,
			);
			defaultConfigurationIsVisible = 0;
		};
/* End XCConfigurationList section */
	};
	rootObject = 352CAC561B38A1A700DF3C4D /* Project object */;
}
